{
  "nodes": {
    "home-manager": {
      "inputs": {
        "nixpkgs": [
          "nixpkgs"
        ]
      },
      "locked": {
        "lastModified": 1754924470,
        "narHash": "sha256-asI/or9AcUMydwzodCgpHGytnMSNUlciw3uaycpXm4E=",
        "owner": "nix-community",
        "repo": "home-manager",
        "rev": "67393957c27b4e4c6c48a60108a201413ced7800",
        "type": "github"
      },
      "original": {
        "owner": "nix-community",
        "repo": "home-manager",
        "type": "github"
      }
    },
    "home-manager_2": {
      "inputs": {
        "nixpkgs": [
          "zen-browser",
          "nixpkgs"
        ]
      },
      "locked": {
        "lastModified": 1752603129,
        "narHash": "sha256-S+wmHhwNQ5Ru689L2Gu8n1OD6s9eU9n9mD827JNR+kw=",
        "owner": "nix-community",
        "repo": "home-manager",
        "rev": "e8c19a3cec2814c754f031ab3ae7316b64da085b",
        "type": "github"
      },
      "original": {
        "owner": "nix-community",
        "repo": "home-manager",
        "type": "github"
      }
    },
    "luv-icon-theme": {
      "inputs": {
        "nixpkgs": [
          "nixpkgs"
        ]
      },
      "locked": {
        "lastModified": 1755424318,
        "narHash": "sha256-4qXvQ4pCzXTqdW6cGOzlsn2MuNossGq8wQzpu6k/lpk=",
        "owner": "arkaitzsilva",
        "repo": "luv-icon-theme",
        "rev": "d7b60dbdfbc2c31d74de85681cecb7eadeed1f31",
        "type": "github"
      },
      "original": {
        "owner": "arkaitzsilva",
        "repo": "luv-icon-theme",
        "type": "github"
      }
    },
    "nixpkgs": {
      "locked": {
        "lastModified": 1754725699,
        "narHash": "sha256-iAcj9T/Y+3DBy2J0N+yF9XQQQ8IEb5swLFzs23CdP88=",
        "owner": "nixos",
        "repo": "nixpkgs",
        "rev": "85dbfc7aaf52ecb755f87e577ddbe6dbbdbc1054",
        "type": "github"
      },
      "original": {
        "owner": "nixos",
        "ref": "nixos-unstable",
        "repo": "nixpkgs",
        "type": "github"
      }
    },
    "root": {
      "inputs": {
        "home-manager": "home-manager",
        "luv-icon-theme": "luv-icon-theme",
        "nixpkgs": "nixpkgs",
        "zen-browser": "zen-browser"
      }
    },
    "zen-browser": {
      "inputs": {
        "home-manager": "home-manager_2",
        "nixpkgs": [
          "nixpkgs"
        ]
      },
      "locked": {
        "lastModified": 1755577394,
        "narHash": "sha256-DsU5qMTdQvlq85cmPd08M57y3JgJRmgKoOEcvBc6Ikk=",
        "owner": "0xc000022070",
        "repo": "zen-browser-flake",
        "rev": "fed34c3fe29a694f62b23bcc63dd5ad284ab19fb",
        "type": "github"
      },
      "original": {
        "owner": "0xc000022070",
        "repo": "zen-browser-flake",
        "type": "github"
      }
    }
  },
  "root": "root",
  "version": 7
}
